<?xml version="1.0" encoding="utf-8"?>
<Project ToolsVersion="4.0" xmlns:atg="http://atg.xbox.com" xmlns="http://schemas.microsoft.com/developer/msbuild/2003">
  <ItemGroup>
    <ClCompile Include="Source\main.cpp">
      <Filter>Core</Filter>
    </ClCompile>
    <ClCompile Include="Source\Window.cpp">
      <Filter>Core</Filter>
    </ClCompile>
    <ClCompile Include="Source\Input.cpp">
      <Filter>Core</Filter>
    </ClCompile>
    <ClCompile Include="Source\Timer.cpp">
      <Filter>Core</Filter>
    </ClCompile>
    <ClCompile Include="Source\DX11Instance.cpp">
      <Filter>DX11</Filter>
    </ClCompile>
    <ClCompile Include="Source\ShaderManager.cpp">
      <Filter>DX11\Shaders</Filter>
    </ClCompile>
    <ClCompile Include="Source\ColourShader.cpp">
      <Filter>DX11\Shaders</Filter>
    </ClCompile>
    <ClCompile Include="Source\Texture.cpp">
      <Filter>DX11</Filter>
    </ClCompile>
    <ClCompile Include="Source\Application.cpp">
      <Filter>Application</Filter>
    </ClCompile>
    <ClCompile Include="Source\Scene.cpp">
      <Filter>Application</Filter>
    </ClCompile>
    <ClCompile Include="Source\TextureManager.cpp">
      <Filter>DX11</Filter>
    </ClCompile>
    <ClCompile Include="Source\TextureShader.cpp">
      <Filter>DX11\Shaders</Filter>
    </ClCompile>
    <ClCompile Include="Source\LightShader.cpp">
      <Filter>DX11\Shaders</Filter>
    </ClCompile>
    <ClCompile Include="Source\Light.cpp">
      <Filter>DX11</Filter>
    </ClCompile>
    <ClCompile Include="Source\IShader.cpp">
      <Filter>DX11\Shaders</Filter>
    </ClCompile>
    <ClCompile Include="Source\TerrainShader.cpp">
      <Filter>DX11\Shaders</Filter>
    </ClCompile>
    <ClCompile Include="Source\Terrain.cpp">
      <Filter>Application\GameObjects</Filter>
    </ClCompile>
    <ClCompile Include="Source\Camera.cpp">
      <Filter>Application\GameObjects</Filter>
    </ClCompile>
    <ClCompile Include="Source\Transform.cpp">
      <Filter>Application\Components</Filter>
    </ClCompile>
    <ClCompile Include="Source\SkydomeShader.cpp">
      <Filter>DX11\Shaders</Filter>
    </ClCompile>
    <ClCompile Include="Source\SkyDome.cpp">
      <Filter>Application\GameObjects</Filter>
    </ClCompile>
    <ClCompile Include="Source\TerrainCell.cpp">
      <Filter>Application\GameObjects</Filter>
    </ClCompile>
  </ItemGroup>
  <ItemGroup>
    <ClInclude Include="Source\Window.h">
      <Filter>Core</Filter>
    </ClInclude>
    <ClInclude Include="Source\Input.h">
      <Filter>Core</Filter>
    </ClInclude>
    <ClInclude Include="Source\Timer.h">
      <Filter>Core</Filter>
    </ClInclude>
    <ClInclude Include="Source\DX11Instance.h">
      <Filter>DX11</Filter>
    </ClInclude>
    <ClInclude Include="Source\ShaderManager.h">
      <Filter>DX11\Shaders</Filter>
    </ClInclude>
    <ClInclude Include="Source\ColourShader.h">
      <Filter>DX11\Shaders</Filter>
    </ClInclude>
    <ClInclude Include="Source\Texture.h">
      <Filter>DX11</Filter>
    </ClInclude>
    <ClInclude Include="Source\Application.h">
      <Filter>Application</Filter>
    </ClInclude>
    <ClInclude Include="Source\Scene.h">
      <Filter>Application</Filter>
    </ClInclude>
    <ClInclude Include="Source\TextureManager.h">
      <Filter>DX11</Filter>
    </ClInclude>
    <ClInclude Include="Source\TextureShader.h">
      <Filter>DX11\Shaders</Filter>
    </ClInclude>
    <ClInclude Include="Source\LightShader.h">
      <Filter>DX11\Shaders</Filter>
    </ClInclude>
    <ClInclude Include="Source\Light.h">
      <Filter>DX11</Filter>
    </ClInclude>
    <ClInclude Include="Source\IShader.h">
      <Filter>DX11\Shaders</Filter>
    </ClInclude>
    <ClInclude Include="Source\TerrainShader.h">
      <Filter>DX11\Shaders</Filter>
    </ClInclude>
    <ClInclude Include="Source\Terrain.h">
      <Filter>Application\GameObjects</Filter>
    </ClInclude>
    <ClInclude Include="Source\Camera.h">
      <Filter>Application\GameObjects</Filter>
    </ClInclude>
    <ClInclude Include="Source\Transform.h">
      <Filter>Application\Components</Filter>
    </ClInclude>
    <ClInclude Include="Source\SkydomeShader.h">
      <Filter>DX11\Shaders</Filter>
    </ClInclude>
    <ClInclude Include="Source\SkyDome.h">
      <Filter>Application\GameObjects</Filter>
    </ClInclude>
    <ClInclude Include="Source\TerrainCell.h">
      <Filter>Application\GameObjects</Filter>
    </ClInclude>
  </ItemGroup>
  <ItemGroup>
    <Filter Include="Core">
      <UniqueIdentifier>{3c76394f-cb8e-4b6b-a260-e0057bc5737c}</UniqueIdentifier>
    </Filter>
    <Filter Include="DX11">
      <UniqueIdentifier>{6c2c9c3e-7d1c-4d60-9850-44b34b186da4}</UniqueIdentifier>
    </Filter>
    <Filter Include="DX11\Shaders">
      <UniqueIdentifier>{857a22aa-d2e3-4285-bd0f-7d83fd35c6c4}</UniqueIdentifier>
    </Filter>
    <Filter Include="Application">
      <UniqueIdentifier>{fb501156-6d86-4309-b503-74ebfb89d385}</UniqueIdentifier>
    </Filter>
    <Filter Include="Application\GameObjects">
      <UniqueIdentifier>{48bfe082-6e30-4de5-b0d0-ea33d7f59c91}</UniqueIdentifier>
    </Filter>
    <Filter Include="Application\Components">
      <UniqueIdentifier>{3923f8e0-c2cc-421c-bba3-b5c0ce1d7c4d}</UniqueIdentifier>
    </Filter>
  </ItemGroup>
</Project>